
Microsoft Visual Studio Solution File, Format Version 12.00
# Visual Studio Version 17
VisualStudioVersion = 17.4.33213.308
MinimumVisualStudioVersion = 10.0.40219.1
Project("{FAE04EC0-301F-11D3-BF4B-00C04F79EFBC}") = "Problema1", "Problema1.csproj", "{0F0B426C-C235-44DC-904D-131230CCE4C4}"
EndProject
Project("{FAE04EC0-301F-11D3-BF4B-00C04F79EFBC}") = "Problema2", "Problema2\Problema2.csproj", "{FC6B041A-B99F-45C6-B4A7-A970E885BA02}"
EndProject
Project("{FAE04EC0-301F-11D3-BF4B-00C04F79EFBC}") = "Problema3", "Problema3\Problema3.csproj", "{608D415D-1E16-4BC9-9793-6EB8CC6BC4CF}"
EndProject
Project("{FAE04EC0-301F-11D3-BF4B-00C04F79EFBC}") = "Problema4", "Problema4\Problema4.csproj", "{B121F481-1736-4A31-8340-571478D0143F}"
EndProject
Project("{FAE04EC0-301F-11D3-BF4B-00C04F79EFBC}") = "Problema5", "Problema5\Problema5.csproj", "{B9762EAF-42E5-409C-82A8-73EE20A740DF}"
EndProject
Global
	GlobalSection(SolutionConfigurationPlatforms) = preSolution
		Debug|Any CPU = Debug|Any CPU
		Release|Any CPU = Release|Any CPU
	EndGlobalSection
	GlobalSection(ProjectConfigurationPlatforms) = postSolution
		{0F0B426C-C235-44DC-904D-131230CCE4C4}.Debug|Any CPU.ActiveCfg = Debug|Any CPU
		{0F0B426C-C235-44DC-904D-131230CCE4C4}.Debug|Any CPU.Build.0 = Debug|Any CPU
		{0F0B426C-C235-44DC-904D-131230CCE4C4}.Release|Any CPU.ActiveCfg = Release|Any CPU
		{0F0B426C-C235-44DC-904D-131230CCE4C4}.Release|Any CPU.Build.0 = Release|Any CPU
		{FC6B041A-B99F-45C6-B4A7-A970E885BA02}.Debug|Any CPU.ActiveCfg = Debug|Any CPU
		{FC6B041A-B99F-45C6-B4A7-A970E885BA02}.Debug|Any CPU.Build.0 = Debug|Any CPU
		{FC6B041A-B99F-45C6-B4A7-A970E885BA02}.Release|Any CPU.ActiveCfg = Release|Any CPU
		{FC6B041A-B99F-45C6-B4A7-A970E885BA02}.Release|Any CPU.Build.0 = Release|Any CPU
		{608D415D-1E16-4BC9-9793-6EB8CC6BC4CF}.Debug|Any CPU.ActiveCfg = Debug|Any CPU
		{608D415D-1E16-4BC9-9793-6EB8CC6BC4CF}.Debug|Any CPU.Build.0 = Debug|Any CPU
		{608D415D-1E16-4BC9-9793-6EB8CC6BC4CF}.Release|Any CPU.ActiveCfg = Release|Any CPU
		{608D415D-1E16-4BC9-9793-6EB8CC6BC4CF}.Release|Any CPU.Build.0 = Release|Any CPU
		{B121F481-1736-4A31-8340-571478D0143F}.Debug|Any CPU.ActiveCfg = Debug|Any CPU
		{B121F481-1736-4A31-8340-571478D0143F}.Debug|Any CPU.Build.0 = Debug|Any CPU
		{B121F481-1736-4A31-8340-571478D0143F}.Release|Any CPU.ActiveCfg = Release|Any CPU
		{B121F481-1736-4A31-8340-571478D0143F}.Release|Any CPU.Build.0 = Release|Any CPU
		{B9762EAF-42E5-409C-82A8-73EE20A740DF}.Debug|Any CPU.ActiveCfg = Debug|Any CPU
		{B9762EAF-42E5-409C-82A8-73EE20A740DF}.Debug|Any CPU.Build.0 = Debug|Any CPU
		{B9762EAF-42E5-409C-82A8-73EE20A740DF}.Release|Any CPU.ActiveCfg = Release|Any CPU
		{B9762EAF-42E5-409C-82A8-73EE20A740DF}.Release|Any CPU.Build.0 = Release|Any CPU
	EndGlobalSection
	GlobalSection(SolutionProperties) = preSolution
		HideSolutionNode = FALSE
	EndGlobalSection
	GlobalSection(ExtensibilityGlobals) = postSolution
		SolutionGuid = {20D370CB-B8E7-4492-B625-80F3E69B1970}
	EndGlobalSection
EndGlobal
